
Microsoft Visual Studio Solution File, Format Version 12.00
# Visual Studio 15
VisualStudioVersion = 15.0.26730.16
MinimumVisualStudioVersion = 10.0.40219.1
Project("{FAE04EC0-301F-11D3-BF4B-00C04F79EFBC}") = "Practica Bits y Bytes", "Practica Bits y Bytes\Practica Bits y Bytes.csproj", "{F46990AC-914B-461E-9287-46298CD8F3E9}"
EndProject
Global
	GlobalSection(SolutionConfigurationPlatforms) = preSolution
		Debug|Any CPU = Debug|Any CPU
		Release|Any CPU = Release|Any CPU
	EndGlobalSection
	GlobalSection(ProjectConfigurationPlatforms) = postSolution
		{F46990AC-914B-461E-9287-46298CD8F3E9}.Debug|Any CPU.ActiveCfg = Debug|Any CPU
		{F46990AC-914B-461E-9287-46298CD8F3E9}.Debug|Any CPU.Build.0 = Debug|Any CPU
		{F46990AC-914B-461E-9287-46298CD8F3E9}.Release|Any CPU.ActiveCfg = Release|Any CPU
		{F46990AC-914B-461E-9287-46298CD8F3E9}.Release|Any CPU.Build.0 = Release|Any CPU
	EndGlobalSection
	GlobalSection(SolutionProperties) = preSolution
		HideSolutionNode = FALSE
	EndGlobalSection
	GlobalSection(ExtensibilityGlobals) = postSolution
		SolutionGuid = {80E90247-FF4E-4C5B-B8B2-B731E934C95F}
	EndGlobalSection
EndGlobal
